
Microsoft Visual Studio Solution File, Format Version 12.00
# Visual Studio Version 17
VisualStudioVersion = 17.4.33213.308
MinimumVisualStudioVersion = 10.0.40219.1
Project("{9A19103F-16F7-4668-BE54-9A1E7A4F7556}") = "MColorPicker", "MColorPicker\MColorPicker.csproj", "{8AE31403-6708-4AE1-8AFB-F0BE3017B83C}"
EndProject
Project("{2150E333-8FDC-42A3-9474-1A3956D46DE8}") = "Solution Items", "Solution Items", "{B63072F6-BDF4-4E35-B397-7D8198B7E671}"
	ProjectSection(SolutionItems) = preProject
		LICENSE.md = LICENSE.md
		README.md = README.md
	EndProjectSection
EndProject
Global
	GlobalSection(SolutionConfigurationPlatforms) = preSolution
		Debug|Any CPU = Debug|Any CPU
		Release|Any CPU = Release|Any CPU
	EndGlobalSection
	GlobalSection(ProjectConfigurationPlatforms) = postSolution
		{8AE31403-6708-4AE1-8AFB-F0BE3017B83C}.Debug|Any CPU.ActiveCfg = Debug|Any CPU
		{8AE31403-6708-4AE1-8AFB-F0BE3017B83C}.Debug|Any CPU.Build.0 = Debug|Any CPU
		{8AE31403-6708-4AE1-8AFB-F0BE3017B83C}.Release|Any CPU.ActiveCfg = Release|Any CPU
		{8AE31403-6708-4AE1-8AFB-F0BE3017B83C}.Release|Any CPU.Build.0 = Release|Any CPU
	EndGlobalSection
	GlobalSection(SolutionProperties) = preSolution
		HideSolutionNode = FALSE
	EndGlobalSection
	GlobalSection(ExtensibilityGlobals) = postSolution
		SolutionGuid = {6318F6C3-DBA9-45CE-A470-A63E6A23FB37}
	EndGlobalSection
EndGlobal
